{
  "version": "5",
  "specifiers": {
    "jsr:@davidbonnet/astring@1.8.6": "1.8.6",
    "jsr:@luca/esbuild-deno-loader@0.11.1": "0.11.1",
    "jsr:@std/bytes@^1.0.2": "1.0.6",
    "jsr:@std/cli@1.0.20": "1.0.20",
    "jsr:@std/cli@^1.0.20": "1.0.20",
    "jsr:@std/collections@^1.1.1": "1.1.7",
    "jsr:@std/crypto@1.0.5": "1.0.5",
    "jsr:@std/encoding@1.0.10": "1.0.10",
    "jsr:@std/encoding@^1.0.10": "1.0.10",
    "jsr:@std/encoding@^1.0.5": "1.0.10",
    "jsr:@std/fmt@1.0.8": "1.0.8",
    "jsr:@std/fmt@^1.0.8": "1.0.8",
    "jsr:@std/front-matter@1.0.9": "1.0.9",
    "jsr:@std/fs@1.0.18": "1.0.18",
    "jsr:@std/fs@^1.0.18": "1.0.18",
    "jsr:@std/html@1.0.3": "1.0.3",
    "jsr:@std/html@^1.0.4": "1.0.5",
    "jsr:@std/http@1.0.18": "1.0.18",
    "jsr:@std/jsonc@1.0.2": "1.0.2",
    "jsr:@std/media-types@^1.1.0": "1.1.0",
    "jsr:@std/net@^1.0.4": "1.0.6",
    "jsr:@std/path@1.0.8": "1.0.8",
    "jsr:@std/path@1.1.0": "1.1.0",
    "jsr:@std/path@^1.0.6": "1.1.0",
    "jsr:@std/path@^1.1.0": "1.1.0",
    "jsr:@std/streams@^1.0.10": "1.0.17",
    "jsr:@std/toml@1.0.8": "1.0.8",
    "jsr:@std/toml@^1.0.3": "1.0.8",
    "jsr:@std/yaml@1.0.8": "1.0.8",
    "jsr:@std/yaml@^1.0.5": "1.0.8",
    "npm:estree-walker@3.0.3": "3.0.3",
    "npm:highlight.js@*": "11.11.1",
    "npm:highlight.js@11.11.1": "11.11.1",
    "npm:lightningcss-wasm@1.30.1": "1.30.1",
    "npm:markdown-it-attrs@4.3.1": "4.3.1_markdown-it@14.1.0",
    "npm:markdown-it-deflist@3.0.0": "3.0.0",
    "npm:markdown-it@14.1.0": "14.1.0",
    "npm:meriyah@6.0.5": "6.0.5"
  },
  "jsr": {
    "@davidbonnet/astring@1.8.6": {
      "integrity": "98b4914c8863cdf8c0ff83bb5c528caa67a8dca6020ad6234113499f00583e3a"
    },
    "@luca/esbuild-deno-loader@0.11.1": {
      "integrity": "dc020d16d75b591f679f6b9288b10f38bdb4f24345edb2f5732affa1d9885267",
      "dependencies": [
        "jsr:@std/bytes",
        "jsr:@std/encoding@^1.0.5",
        "jsr:@std/path@^1.0.6"
      ]
    },
    "@std/bytes@1.0.6": {
      "integrity": "f6ac6adbd8ccd99314045f5703e23af0a68d7f7e58364b47d2c7f408aeb5820a"
    },
    "@std/cli@1.0.20": {
      "integrity": "a8c384a2c98cec6ec6a2055c273a916e2772485eb784af0db004c5ab8ba52333"
    },
    "@std/collections@1.1.7": {
      "integrity": "56f659d011218a69740b12829cf5ea2c9b70bbed0af02597e27dc1eb5e69e208"
    },
    "@std/crypto@1.0.5": {
      "integrity": "0dcfbb319fe0bba1bd3af904ceb4f948cde1b92979ec1614528380ed308a3b40"
    },
    "@std/encoding@1.0.10": {
      "integrity": "8783c6384a2d13abd5e9e87a7ae0520a30e9f56aeeaa3bdf910a3eaaf5c811a1"
    },
    "@std/fmt@1.0.8": {
      "integrity": "71e1fc498787e4434d213647a6e43e794af4fd393ef8f52062246e06f7e372b7"
    },
    "@std/front-matter@1.0.9": {
      "integrity": "ee6201d06674cbef137dda2252f62477450b48249e7d8d9ab57a30f85ff6f051",
      "dependencies": [
        "jsr:@std/toml@^1.0.3",
        "jsr:@std/yaml@^1.0.5"
      ]
    },
    "@std/fs@1.0.18": {
      "integrity": "24bcad99eab1af4fde75e05da6e9ed0e0dce5edb71b7e34baacf86ffe3969f3a",
      "dependencies": [
        "jsr:@std/path@^1.1.0"
      ]
    },
    "@std/html@1.0.3": {
      "integrity": "7a0ac35e050431fb49d44e61c8b8aac1ebd55937e0dc9ec6409aa4bab39a7988"
    },
    "@std/html@1.0.5": {
      "integrity": "4e2d693f474cae8c16a920fa5e15a3b72267b94b84667f11a50c6dd1cb18d35e"
    },
    "@std/http@1.0.18": {
      "integrity": "8d9546aa532c52a0cf318c74616db0638b4c1073405355d1b14f9e1591dccf20",
      "dependencies": [
        "jsr:@std/cli@^1.0.20",
        "jsr:@std/encoding@^1.0.10",
        "jsr:@std/fmt@^1.0.8",
        "jsr:@std/fs@^1.0.18",
        "jsr:@std/html@^1.0.4",
        "jsr:@std/media-types",
        "jsr:@std/net",
        "jsr:@std/path@^1.1.0",
        "jsr:@std/streams"
      ]
    },
    "@std/jsonc@1.0.2": {
      "integrity": "909605dae3af22bd75b1cbda8d64a32cf1fd2cf6efa3f9e224aba6d22c0f44c7"
    },
    "@std/media-types@1.1.0": {
      "integrity": "c9d093f0c05c3512932b330e3cc1fe1d627b301db33a4c2c2185c02471d6eaa4"
    },
    "@std/net@1.0.6": {
      "integrity": "110735f93e95bb9feb95790a8b1d1bf69ec0dc74f3f97a00a76ea5efea25500c"
    },
    "@std/path@1.0.8": {
      "integrity": "548fa456bb6a04d3c1a1e7477986b6cffbce95102d0bb447c67c4ee70e0364be"
    },
    "@std/path@1.1.0": {
      "integrity": "ddc94f8e3c275627281cbc23341df6b8bcc874d70374f75fec2533521e3d6886"
    },
    "@std/streams@1.0.17": {
      "integrity": "7859f3d9deed83cf4b41f19223d4a67661b3d3819e9fc117698f493bf5992140"
    },
    "@std/toml@1.0.8": {
      "integrity": "eb8ae76b4cc1c6c13f2a91123675823adbec2380de75cd3748c628960d952164",
      "dependencies": [
        "jsr:@std/collections"
      ]
    },
    "@std/yaml@1.0.8": {
      "integrity": "90b8aab62995e929fa0ea5f4151c287275b63e321ac375c35ff7406ca60c169d"
    }
  },
  "npm": {
    "@types/estree@1.0.8": {
      "integrity": "sha512-dWHzHa2WqEXI/O1E9OjrocMTKJl2mSrEolh1Iomrv6U+JuNwaHXsXx9bLu5gG7BUWFIN0skIQJQ/L1rIex4X6w=="
    },
    "argparse@2.0.1": {
      "integrity": "sha512-8+9WqebbFzpX9OR+Wa6O29asIogeRMzcGtAINdpMHHyAg10f05aSFVBbcEqGf/PXw1EjAZ+q2/bEBg3DvurK3Q=="
    },
    "entities@4.5.0": {
      "integrity": "sha512-V0hjH4dGPh9Ao5p0MoRY6BVqtwCjhz6vI5LT8AJ55H+4g9/4vbHx1I54fS0XuclLhDHArPQCiMjDxjaL8fPxhw=="
    },
    "estree-walker@3.0.3": {
      "integrity": "sha512-7RUKfXgSMMkzt6ZuXmqapOurLGPPfgj6l9uRZ7lRGolvk0y2yocc35LdcxKC5PQZdn2DMqioAQ2NoWcrTKmm6g==",
      "dependencies": [
        "@types/estree"
      ]
    },
    "highlight.js@11.11.1": {
      "integrity": "sha512-Xwwo44whKBVCYoliBQwaPvtd/2tYFkRQtXDWj1nackaV2JPXx3L0+Jvd8/qCJ2p+ML0/XVkJ2q+Mr+UVdpJK5w=="
    },
    "lightningcss-wasm@1.30.1": {
      "integrity": "sha512-KJTnKEn0REV6DoJzxG0m5EKVEFA1CVE1isDYpXjsuqWXwLKFPJtA9Z9BSzPZJwAZFN2KaUzy+IWGP59p5bm2sA=="
    },
    "linkify-it@5.0.0": {
      "integrity": "sha512-5aHCbzQRADcdP+ATqnDuhhJ/MRIqDkZX5pyjFHRRysS8vZ5AbqGEoFIb6pYHPZ+L/OC2Lc+xT8uHVVR5CAK/wQ==",
      "dependencies": [
        "uc.micro"
      ]
    },
    "markdown-it-attrs@4.3.1_markdown-it@14.1.0": {
      "integrity": "sha512-/ko6cba+H6gdZ0DOw7BbNMZtfuJTRp9g/IrGIuz8lYc/EfnmWRpaR3CFPnNbVz0LDvF8Gf1hFGPqrQqq7De0rg==",
      "dependencies": [
        "markdown-it"
      ]
    },
    "markdown-it-deflist@3.0.0": {
      "integrity": "sha512-OxPmQ/keJZwbubjiQWOvKLHwpV2wZ5I3Smc81OjhwbfJsjdRrvD5aLTQxmZzzePeO0kbGzAo3Krk4QLgA8PWLg=="
    },
    "markdown-it@14.1.0": {
      "integrity": "sha512-a54IwgWPaeBCAAsv13YgmALOF1elABB08FxO9i+r4VFk5Vl4pKokRPeX8u5TCgSsPi6ec1otfLjdOpVcgbpshg==",
      "dependencies": [
        "argparse",
        "entities",
        "linkify-it",
        "mdurl",
        "punycode.js",
        "uc.micro"
      ],
      "bin": true
    },
    "mdurl@2.0.0": {
      "integrity": "sha512-Lf+9+2r+Tdp5wXDXC4PcIBjTDtq4UKjCPMQhKIuzpJNW0b96kVqSwW0bT7FhRSfmAiFYgP+SCRvdrDozfh0U5w=="
    },
    "meriyah@6.0.5": {
      "integrity": "sha512-SrMqQCox7TTwtftWKHy/ZaVe+ZRpRl20pAgDo+PS9hzcAJrMjYsBJQPPiLXTnjztrqdfGS+Zz99r6Bwvydta1w=="
    },
    "punycode.js@2.3.1": {
      "integrity": "sha512-uxFIHU0YlHYhDQtV4R9J6a52SLx28BCjT+4ieh7IGbgwVJWO+km431c4yRlREUAsAmt/uMjQUyQHNEPf0M39CA=="
    },
    "uc.micro@2.1.0": {
      "integrity": "sha512-ARDJmphmdvUk6Glw7y9DQ2bFkKBHwQHLi2lsaH6PPmz/Ka9sFOBsBluozhDltWmnv9u/cF6Rt87znRTPV+yp/A=="
    }
  },
  "remote": {
    "https://deno.land/std@0.170.0/_util/asserts.ts": "d0844e9b62510f89ce1f9878b046f6a57bf88f208a10304aab50efcb48365272",
    "https://deno.land/std@0.170.0/_util/os.ts": "8a33345f74990e627b9dfe2de9b040004b08ea5146c7c9e8fe9a29070d193934",
    "https://deno.land/std@0.170.0/encoding/base64.ts": "8605e018e49211efc767686f6f687827d7f5fd5217163e981d8d693105640d7a",
    "https://deno.land/std@0.170.0/fmt/colors.ts": "03ad95e543d2808bc43c17a3dd29d25b43d0f16287fe562a0be89bf632454a12",
    "https://deno.land/std@0.170.0/path/_constants.ts": "df1db3ffa6dd6d1252cc9617e5d72165cd2483df90e93833e13580687b6083c3",
    "https://deno.land/std@0.170.0/path/_interface.ts": "ee3b431a336b80cf445441109d089b70d87d5e248f4f90ff906820889ecf8d09",
    "https://deno.land/std@0.170.0/path/_util.ts": "d16be2a16e1204b65f9d0dfc54a9bc472cafe5f4a190b3c8471ec2016ccd1677",
    "https://deno.land/std@0.170.0/path/common.ts": "bee563630abd2d97f99d83c96c2fa0cca7cee103e8cb4e7699ec4d5db7bd2633",
    "https://deno.land/std@0.170.0/path/glob.ts": "81cc6c72be002cd546c7a22d1f263f82f63f37fe0035d9726aa96fc8f6e4afa1",
    "https://deno.land/std@0.170.0/path/mod.ts": "cf7cec7ac11b7048bb66af8ae03513e66595c279c65cfa12bfc07d9599608b78",
    "https://deno.land/std@0.170.0/path/posix.ts": "b859684bc4d80edfd4cad0a82371b50c716330bed51143d6dcdbe59e6278b30c",
    "https://deno.land/std@0.170.0/path/separator.ts": "fe1816cb765a8068afb3e8f13ad272351c85cbc739af56dacfc7d93d710fe0f9",
    "https://deno.land/std@0.170.0/path/win32.ts": "7cebd2bda6657371adc00061a1d23fdd87bcdf64b4843bb148b0b24c11b40f69",
    "https://deno.land/x/cliffy@v0.25.7/_utils/distance.ts": "02af166952c7c358ac83beae397aa2fbca4ad630aecfcd38d92edb1ea429f004",
    "https://deno.land/x/cliffy@v0.25.7/ansi/ansi.ts": "7f43d07d31dd7c24b721bb434c39cbb5132029fa4be3dd8938873065f65e5810",
    "https://deno.land/x/cliffy@v0.25.7/ansi/ansi_escapes.ts": "885f61f343223f27b8ec69cc138a54bea30542924eacd0f290cd84edcf691387",
    "https://deno.land/x/cliffy@v0.25.7/ansi/chain.ts": "31fb9fcbf72fed9f3eb9b9487270d2042ccd46a612d07dd5271b1a80ae2140a0",
    "https://deno.land/x/cliffy@v0.25.7/ansi/colors.ts": "5f71993af5bd1aa0a795b15f41692d556d7c89584a601fed75997df844b832c9",
    "https://deno.land/x/cliffy@v0.25.7/ansi/cursor_position.ts": "d537491e31d9c254b208277448eff92ff7f55978c4928dea363df92c0df0813f",
    "https://deno.land/x/cliffy@v0.25.7/ansi/deps.ts": "0f35cb7e91868ce81561f6a77426ea8bc55dc15e13f84c7352f211023af79053",
    "https://deno.land/x/cliffy@v0.25.7/ansi/mod.ts": "bb4e6588e6704949766205709463c8c33b30fec66c0b1846bc84a3db04a4e075",
    "https://deno.land/x/cliffy@v0.25.7/ansi/tty.ts": "8fb064c17ead6cdf00c2d3bc87a9fd17b1167f2daa575c42b516f38bdb604673",
    "https://deno.land/x/cliffy@v0.25.7/command/_errors.ts": "a9bd23dc816b32ec96c9b8f3057218241778d8c40333b43341138191450965e5",
    "https://deno.land/x/cliffy@v0.25.7/command/_utils.ts": "9ab3d69fabab6c335b881b8a5229cbd5db0c68f630a1c307aff988b6396d9baf",
    "https://deno.land/x/cliffy@v0.25.7/command/command.ts": "a2b83c612acd65c69116f70dec872f6da383699b83874b70fcf38cddf790443f",
    "https://deno.land/x/cliffy@v0.25.7/command/completions/_bash_completions_generator.ts": "43b4abb543d4dc60233620d51e69d82d3b7c44e274e723681e0dce2a124f69f9",
    "https://deno.land/x/cliffy@v0.25.7/command/completions/_fish_completions_generator.ts": "d0289985f5cf0bd288c05273bfa286b24c27feb40822eb7fd9d7fee64e6580e8",
    "https://deno.land/x/cliffy@v0.25.7/command/completions/_zsh_completions_generator.ts": "14461eb274954fea4953ee75938821f721da7da607dc49bcc7db1e3f33a207bd",
    "https://deno.land/x/cliffy@v0.25.7/command/completions/bash.ts": "053aa2006ec327ccecacb00ba28e5eb836300e5c1bec1b3cfaee9ddcf8189756",
    "https://deno.land/x/cliffy@v0.25.7/command/completions/complete.ts": "58df61caa5e6220ff2768636a69337923ad9d4b8c1932aeb27165081c4d07d8b",
    "https://deno.land/x/cliffy@v0.25.7/command/completions/fish.ts": "9938beaa6458c6cf9e2eeda46a09e8cd362d4f8c6c9efe87d3cd8ca7477402a5",
    "https://deno.land/x/cliffy@v0.25.7/command/completions/mod.ts": "aeef7ec8e319bb157c39a4bab8030c9fe8fa327b4c1e94c9c1025077b45b40c0",
    "https://deno.land/x/cliffy@v0.25.7/command/completions/zsh.ts": "8b04ab244a0b582f7927d405e17b38602428eeb347a9968a657e7ea9f40e721a",
    "https://deno.land/x/cliffy@v0.25.7/command/deprecated.ts": "bbe6670f1d645b773d04b725b8b8e7814c862c9f1afba460c4d599ffe9d4983c",
    "https://deno.land/x/cliffy@v0.25.7/command/deps.ts": "275b964ce173770bae65f6b8ebe9d2fd557dc10292cdd1ed3db1735f0d77fa1d",
    "https://deno.land/x/cliffy@v0.25.7/command/help/_help_generator.ts": "f7c349cb2ddb737e70dc1f89bcb1943ca9017a53506be0d4138e0aadb9970a49",
    "https://deno.land/x/cliffy@v0.25.7/command/help/mod.ts": "09d74d3eb42d21285407cda688074c29595d9c927b69aedf9d05ff3f215820d3",
    "https://deno.land/x/cliffy@v0.25.7/command/mod.ts": "d0a32df6b14028e43bb2d41fa87d24bc00f9662a44e5a177b3db02f93e473209",
    "https://deno.land/x/cliffy@v0.25.7/command/type.ts": "24e88e3085e1574662b856ccce70d589959648817135d4469fab67b9cce1b364",
    "https://deno.land/x/cliffy@v0.25.7/command/types.ts": "ae02eec0ed7a769f7dba2dd5d3a931a61724b3021271b1b565cf189d9adfd4a0",
    "https://deno.land/x/cliffy@v0.25.7/command/types/action_list.ts": "33c98d449617c7a563a535c9ceb3741bde9f6363353fd492f90a74570c611c27",
    "https://deno.land/x/cliffy@v0.25.7/command/types/boolean.ts": "3879ec16092b4b5b1a0acb8675f8c9250c0b8a972e1e4c7adfba8335bd2263ed",
    "https://deno.land/x/cliffy@v0.25.7/command/types/child_command.ts": "f1fca390c7fbfa7a713ca15ef55c2c7656bcbb394d50e8ef54085bdf6dc22559",
    "https://deno.land/x/cliffy@v0.25.7/command/types/command.ts": "325d0382e383b725fd8d0ef34ebaeae082c5b76a1f6f2e843fee5dbb1a4fe3ac",
    "https://deno.land/x/cliffy@v0.25.7/command/types/enum.ts": "2178345972adf7129a47e5f02856ca3e6852a91442a1c78307dffb8a6a3c6c9f",
    "https://deno.land/x/cliffy@v0.25.7/command/types/file.ts": "8618f16ac9015c8589cbd946b3de1988cc4899b90ea251f3325c93c46745140e",
    "https://deno.land/x/cliffy@v0.25.7/command/types/integer.ts": "29864725fd48738579d18123d7ee78fed37515e6dc62146c7544c98a82f1778d",
    "https://deno.land/x/cliffy@v0.25.7/command/types/number.ts": "aeba96e6f470309317a16b308c82e0e4138a830ec79c9877e4622c682012bc1f",
    "https://deno.land/x/cliffy@v0.25.7/command/types/string.ts": "e4dadb08a11795474871c7967beab954593813bb53d9f69ea5f9b734e43dc0e0",
    "https://deno.land/x/cliffy@v0.25.7/command/upgrade/mod.ts": "17e2df3b620905583256684415e6c4a31e8de5c59066eb6d6c9c133919292dc4",
    "https://deno.land/x/cliffy@v0.25.7/command/upgrade/provider.ts": "d6fb846043232cbd23c57d257100c7fc92274984d75a5fead0f3e4266dc76ab8",
    "https://deno.land/x/cliffy@v0.25.7/command/upgrade/provider/deno_land.ts": "24f8d82e38c51e09be989f30f8ad21f9dd41ac1bb1973b443a13883e8ba06d6d",
    "https://deno.land/x/cliffy@v0.25.7/command/upgrade/provider/github.ts": "99e1b133dd446c6aa79f69e69c46eb8bc1c968dd331c2a7d4064514a317c7b59",
    "https://deno.land/x/cliffy@v0.25.7/command/upgrade/provider/nest_land.ts": "0e07936cea04fa41ac9297f32d87f39152ea873970c54cb5b4934b12fee1885e",
    "https://deno.land/x/cliffy@v0.25.7/command/upgrade/upgrade_command.ts": "3640a287d914190241ea1e636774b1b4b0e1828fa75119971dd5304784061e05",
    "https://deno.land/x/cliffy@v0.25.7/flags/_errors.ts": "f1fbb6bfa009e7950508c9d491cfb4a5551027d9f453389606adb3f2327d048f",
    "https://deno.land/x/cliffy@v0.25.7/flags/_utils.ts": "340d3ecab43cde9489187e1f176504d2c58485df6652d1cdd907c0e9c3ce4cc2",
    "https://deno.land/x/cliffy@v0.25.7/flags/_validate_flags.ts": "16eb5837986c6f6f7620817820161a78d66ce92d690e3697068726bbef067452",
    "https://deno.land/x/cliffy@v0.25.7/flags/deprecated.ts": "a72a35de3cc7314e5ebea605ca23d08385b218ef171c32a3f135fb4318b08126",
    "https://deno.land/x/cliffy@v0.25.7/flags/flags.ts": "68a9dfcacc4983a84c07ba19b66e5e9fccd04389fad215210c60fb414cc62576",
    "https://deno.land/x/cliffy@v0.25.7/flags/mod.ts": "b21c2c135cd2437cc16245c5f168a626091631d6d4907ad10db61c96c93bdb25",
    "https://deno.land/x/cliffy@v0.25.7/flags/types.ts": "7452ea5296758fb7af89930349ce40d8eb9a43b24b3f5759283e1cb5113075fd",
    "https://deno.land/x/cliffy@v0.25.7/flags/types/boolean.ts": "4c026dd66ec9c5436860dc6d0241427bdb8d8e07337ad71b33c08193428a2236",
    "https://deno.land/x/cliffy@v0.25.7/flags/types/integer.ts": "b60d4d590f309ddddf066782d43e4dc3799f0e7d08e5ede7dc62a5ee94b9a6d9",
    "https://deno.land/x/cliffy@v0.25.7/flags/types/number.ts": "610936e2d29de7c8c304b65489a75ebae17b005c6122c24e791fbed12444d51e",
    "https://deno.land/x/cliffy@v0.25.7/flags/types/string.ts": "e89b6a5ce322f65a894edecdc48b44956ec246a1d881f03e97bbda90dd8638c5",
    "https://deno.land/x/cliffy@v0.25.7/keycode/key_code.ts": "c4ab0ffd102c2534962b765ded6d8d254631821bf568143d9352c1cdcf7a24be",
    "https://deno.land/x/cliffy@v0.25.7/keycode/key_codes.ts": "917f0a2da0dbace08cf29bcfdaaa2257da9fe7e705fff8867d86ed69dfb08cfe",
    "https://deno.land/x/cliffy@v0.25.7/keycode/mod.ts": "292d2f295316c6e0da6955042a7b31ab2968ff09f2300541d00f05ed6c2aa2d4",
    "https://deno.land/x/cliffy@v0.25.7/mod.ts": "e3515ccf6bd4e4ac89322034e07e2332ed71901e4467ee5bc9d72851893e167b",
    "https://deno.land/x/cliffy@v0.25.7/prompt/_generic_input.ts": "737cff2de02c8ce35250f5dd79c67b5fc176423191a2abd1f471a90dd725659e",
    "https://deno.land/x/cliffy@v0.25.7/prompt/_generic_list.ts": "79b301bf09eb19f0d070d897f613f78d4e9f93100d7e9a26349ef0bfaa7408d2",
    "https://deno.land/x/cliffy@v0.25.7/prompt/_generic_prompt.ts": "8630ce89a66d83e695922df41721cada52900b515385d86def597dea35971bb2",
    "https://deno.land/x/cliffy@v0.25.7/prompt/_generic_suggestions.ts": "2a8b619f91e8f9a270811eff557f10f1343a444a527b5fc22c94de832939920c",
    "https://deno.land/x/cliffy@v0.25.7/prompt/_utils.ts": "676cca30762656ed1a9bcb21a7254244278a23ffc591750e98a501644b6d2df3",
    "https://deno.land/x/cliffy@v0.25.7/prompt/checkbox.ts": "e5a5a9adbb86835dffa2afbd23c6f7a8fe25a9d166485388ef25aba5dc3fbf9e",
    "https://deno.land/x/cliffy@v0.25.7/prompt/confirm.ts": "94c8e55de3bbcd53732804420935c432eab29945497d1c47c357d236a89cb5f6",
    "https://deno.land/x/cliffy@v0.25.7/prompt/deps.ts": "4c38ab18e55a792c9a136c1c29b2b6e21ea4820c45de7ef4cf517ce94012c57d",
    "https://deno.land/x/cliffy@v0.25.7/prompt/figures.ts": "26af0fbfe21497220e4b887bb550fab997498cde14703b98e78faf370fbb4b94",
    "https://deno.land/x/cliffy@v0.25.7/prompt/input.ts": "ee45532e0a30c2463e436e08ae291d79d1c2c40872e17364c96d2b97c279bf4d",
    "https://deno.land/x/cliffy@v0.25.7/prompt/list.ts": "6780427ff2a932a48c9b882d173c64802081d6cdce9ff618d66ba6504b6abc50",
    "https://deno.land/x/cliffy@v0.25.7/prompt/mod.ts": "195aed14d10d279914eaa28c696dec404d576ca424c097a5bc2b4a7a13b66c89",
    "https://deno.land/x/cliffy@v0.25.7/prompt/number.ts": "015305a76b50138234dde4fd50eb886c6c7c0baa1b314caf811484644acdc2cf",
    "https://deno.land/x/cliffy@v0.25.7/prompt/prompt.ts": "0e7f6a1d43475ee33fb25f7d50749b2f07fc0bcddd9579f3f9af12d05b4a4412",
    "https://deno.land/x/cliffy@v0.25.7/prompt/secret.ts": "58745f5231fb2c44294c4acf2511f8c5bfddfa1e12f259580ff90dedea2703d6",
    "https://deno.land/x/cliffy@v0.25.7/prompt/select.ts": "1e982eae85718e4e15a3ee10a5ae2233e532d7977d55888f3a309e8e3982b784",
    "https://deno.land/x/cliffy@v0.25.7/prompt/toggle.ts": "842c3754a40732f2e80bcd4670098713e402e64bd930e6cab2b787f7ad4d931a",
    "https://deno.land/x/cliffy@v0.25.7/table/border.ts": "2514abae4e4f51eda60a5f8c927ba24efd464a590027e900926b38f68e01253c",
    "https://deno.land/x/cliffy@v0.25.7/table/cell.ts": "1d787d8006ac8302020d18ec39f8d7f1113612c20801b973e3839de9c3f8b7b3",
    "https://deno.land/x/cliffy@v0.25.7/table/deps.ts": "5b05fa56c1a5e2af34f2103fd199e5f87f0507549963019563eae519271819d2",
    "https://deno.land/x/cliffy@v0.25.7/table/layout.ts": "46bf10ae5430cf4fbb92f23d588230e9c6336edbdb154e5c9581290562b169f4",
    "https://deno.land/x/cliffy@v0.25.7/table/mod.ts": "e74f69f38810ee6139a71132783765feb94436a6619c07474ada45b465189834",
    "https://deno.land/x/cliffy@v0.25.7/table/row.ts": "5f519ba7488d2ef76cbbf50527f10f7957bfd668ce5b9169abbc44ec88302645",
    "https://deno.land/x/cliffy@v0.25.7/table/table.ts": "ec204c9d08bb3ff1939c5ac7412a4c9ed7d00925d4fc92aff9bfe07bd269258d",
    "https://deno.land/x/cliffy@v0.25.7/table/utils.ts": "187bb7dcbcfb16199a5d906113f584740901dfca1007400cba0df7dcd341bc29",
    "https://deno.land/x/deno_dom@v0.1.49/build/deno-wasm/deno-wasm.js": "d6841a06342eb6a2798ef28de79ad69c0f2fa349fa04d3ca45e5fcfbf50a9340",
    "https://deno.land/x/deno_dom@v0.1.49/deno-dom-wasm.ts": "0669396686fb207f1354af33df6aabe2189b4eceafdb1bf7f3d6bbb2637b6b03",
    "https://deno.land/x/deno_dom@v0.1.49/src/api.ts": "0ff5790f0a3eeecb4e00b7d8fbfa319b165962cf6d0182a65ba90f158d74f7d7",
    "https://deno.land/x/deno_dom@v0.1.49/src/constructor-lock.ts": "0e7b297e8b9cf921a3b0d3a692ec5fb462c5afc47ec554292e20090b9e16b40a",
    "https://deno.land/x/deno_dom@v0.1.49/src/deserialize.ts": "514953418b7ae558ed7361ad9be21013f46cba2f58bd7f4acc90cf1e89f9c8cf",
    "https://deno.land/x/deno_dom@v0.1.49/src/dom/document-fragment.ts": "0b915d094830d43b330dc2fb8012b990f2c815773c6cdcd4a9fdff99fe47412e",
    "https://deno.land/x/deno_dom@v0.1.49/src/dom/document.ts": "ad584ac4ce6dce03f0ff6ef4b7db86fd598f9c7824da1387f7f2acd7d6948e4a",
    "https://deno.land/x/deno_dom@v0.1.49/src/dom/dom-parser.ts": "784ee0e766d4a01e14420f328053fd3a0016c6b40ee442edc3ae80f5d9777927",
    "https://deno.land/x/deno_dom@v0.1.49/src/dom/element.ts": "7d330192fbfd406fb67ab7a3387576fe35fec129b7c52c2ea38615144fa5b12e",
    "https://deno.land/x/deno_dom@v0.1.49/src/dom/elements/html-template-element.ts": "1707dfb4cbb145f3bcb94426d7cdedbaa336620d0afed30e99f50fe87ba24a98",
    "https://deno.land/x/deno_dom@v0.1.49/src/dom/html-collection.ts": "68046d3f7380f1cb148188c53f48e337123acf3af533c52e74cba6d5e9846c3d",
    "https://deno.land/x/deno_dom@v0.1.49/src/dom/node-list.ts": "31b45dafce91d5f6d7e8f5c91cf4f6667842a971f09d40fd08f5ddd7cb3b1dab",
    "https://deno.land/x/deno_dom@v0.1.49/src/dom/node.ts": "53ada9e4b2ae21f10f5941ff257ed4585920ae392020544648f349c05d15d30c",
    "https://deno.land/x/deno_dom@v0.1.49/src/dom/selectors/custom-api.ts": "852696bd58e534bc41bd3be9e2250b60b67cd95fd28ed16b1deff1d548531a71",
    "https://deno.land/x/deno_dom@v0.1.49/src/dom/selectors/nwsapi-types.ts": "c43b36c36acc5d32caabaa54fda8c9d239b2b0fcbce9a28efb93c84aa1021698",
    "https://deno.land/x/deno_dom@v0.1.49/src/dom/selectors/nwsapi.js": "985d7d8fc1eabbb88946b47a1c44c1b2d4aa79ff23c21424219f1528fa27a2ff",
    "https://deno.land/x/deno_dom@v0.1.49/src/dom/selectors/selectors.ts": "83eab57be2290fb48e3130533448c93c6c61239f2a2f3b85f1917f80ca0fdc75",
    "https://deno.land/x/deno_dom@v0.1.49/src/dom/selectors/sizzle-types.ts": "78149e2502409989ce861ed636b813b059e16bc267bb543e7c2b26ef43e4798b",
    "https://deno.land/x/deno_dom@v0.1.49/src/dom/selectors/sizzle.js": "c3aed60c1045a106d8e546ac2f85cc82e65f62d9af2f8f515210b9212286682a",
    "https://deno.land/x/deno_dom@v0.1.49/src/dom/string-cache.ts": "8e935804f7bac244cc70cec90a28c9f6d30fea14c61c2c4ea48fca274376d786",
    "https://deno.land/x/deno_dom@v0.1.49/src/dom/utils-types.ts": "96db30e3e4a75b194201bb9fa30988215da7f91b380fca6a5143e51ece2a8436",
    "https://deno.land/x/deno_dom@v0.1.49/src/dom/utils.ts": "bc429635e9204051ba1ecc1b212031b5ee7c6bcd95120c91bef696804aa67e74",
    "https://deno.land/x/deno_dom@v0.1.49/src/parser.ts": "e06b2300d693e6ae7564e53dfa5c9a9e97fdb8c044c39c52c8b93b5d60860be3",
    "https://deno.land/x/denoflate@1.2.1/mod.ts": "f5628e44b80b3d80ed525afa2ba0f12408e3849db817d47a883b801f9ce69dd6",
    "https://deno.land/x/denoflate@1.2.1/pkg/denoflate.js": "b9f9ad9457d3f12f28b1fb35c555f57443427f74decb403113d67364e4f2caf4",
    "https://deno.land/x/denoflate@1.2.1/pkg/denoflate_bg.wasm.js": "d581956245407a2115a3d7e8d85a9641c032940a8e810acbd59ca86afd34d44d",
    "https://deno.land/x/esbuild@v0.25.5/mod.js": "57b9635116b05e6f214dea72d7f488c13808ee1b8055d96fa5da1c0dffe890cf",
    "https://deno.land/x/lume@v3.0.4/cli.ts": "a3254363ab2d55df4ff1f25e253f5edc53da1088c33a74efe36e605e74bb67c4",
    "https://deno.land/x/lume@v3.0.4/cli/build.ts": "a3acda3c702d6a51a8fe65ea3abc17813deea0db71e442de6120a747f56a2466",
    "https://deno.land/x/lume@v3.0.4/cli/build_worker.ts": "34781766980dcee3c433aaa65df138168cb163a2cbd89bac53efce167ed6bfbf",
    "https://deno.land/x/lume@v3.0.4/cli/cms.ts": "7f3f46c3353661a7679926d0ddcfe3e596f3c97ad2de7f535bde5906e42c3f5a",
    "https://deno.land/x/lume@v3.0.4/cli/create.ts": "f340056e3b01a61007f82b47a174ede55df2d80d343e492a3853d44007bb8fc6",
    "https://deno.land/x/lume@v3.0.4/cli/missing_worker_apis.ts": "70625ded7fee5de7d215e0829ce8dc4bb7060f6a496c09db880ebaec8b3efb92",
    "https://deno.land/x/lume@v3.0.4/cli/run.ts": "27e7c84c2bcadc3aa4ca4fbad02330f33000dca9a2ef41780bad3676606bc029",
    "https://deno.land/x/lume@v3.0.4/cli/upgrade.ts": "a11e7c9024f78c2e7376c57b4a99e389dbf490769779d2d37a4a3ccd6ef27d9e",
    "https://deno.land/x/lume@v3.0.4/cli/utils.ts": "8fcc2d3d8003e4b651201ef2e343209c6a752959b5acb0da7038d132e9097ef2",
    "https://deno.land/x/lume@v3.0.4/core/cache.ts": "a6df9d9208b2276fa9269fec8f5c8ae2d48fc373af537414d8b57e5505ead9d0",
    "https://deno.land/x/lume@v3.0.4/core/components.ts": "e5b0d2aca8e630735534a4cb781802fe9c194c3be4e1010c0abe73617c607d84",
    "https://deno.land/x/lume@v3.0.4/core/data_loader.ts": "8698a9e9b1aac27147dc835ba89a0e30828c81338eceae86630607d78f146215",
    "https://deno.land/x/lume@v3.0.4/core/debugbar.ts": "1f317b5ce7a14ae6a60fb907bf4ce2bcab1c30e0e68b767e2fa93bced57563fd",
    "https://deno.land/x/lume@v3.0.4/core/events.ts": "e4fd1786eb7dd4a041d7d922779b9edf1ee89e51fd17ba5e756f380879ccb557",
    "https://deno.land/x/lume@v3.0.4/core/file.ts": "7006371e0962c74e5519142d432284065eff8009c051df2ce064ca8b19d9a7b9",
    "https://deno.land/x/lume@v3.0.4/core/formats.ts": "e65130e5c5f2e49435619479710c812199b480a9e145fdc6b2bac11cfe6ea08e",
    "https://deno.land/x/lume@v3.0.4/core/fs.ts": "22d77101afaef582f18cf1619bb9eed7fd5cd0b3ce840588a53432fcd90cd8af",
    "https://deno.land/x/lume@v3.0.4/core/loaders/binary.ts": "bb1e1cf3faac49f6007dc6814168dc0f633da17356db18e68862e4b2a87a3f33",
    "https://deno.land/x/lume@v3.0.4/core/loaders/json.ts": "ae28e711196215ca2772e9e31f2646ff4c3cf3f66ae75bf8cbcab94de5dbd24f",
    "https://deno.land/x/lume@v3.0.4/core/loaders/module.ts": "abcb210fa6724b83407407cd0f7ef90462b35a2017bc135a3d124dd7f38843f6",
    "https://deno.land/x/lume@v3.0.4/core/loaders/text.ts": "42860fc3482651fa6cfba18a734bb548d6e6e1163bf1015c2abc447ab150acbd",
    "https://deno.land/x/lume@v3.0.4/core/loaders/toml.ts": "72ddfef2deea62815c28e27faa2c5356e09b3109e9547e47a6defea3d3332452",
    "https://deno.land/x/lume@v3.0.4/core/loaders/yaml.ts": "241dc41fbe51b92e38dc748eda614c35d80fb8c63a6d40253453c6bb78c9c47e",
    "https://deno.land/x/lume@v3.0.4/core/processors.ts": "047a87b0c9a0377ef15daaf1b671a29d541e4bb744c152f02a5c4f0a80fbbb64",
    "https://deno.land/x/lume@v3.0.4/core/renderer.ts": "8c69046aa0fdc51fddbbd36c02aeb9b2226a5853f4ae8aeb549c17c43af13e88",
    "https://deno.land/x/lume@v3.0.4/core/scopes.ts": "dbdf93d7a9cead84833779e974f190b1379356ec7c0ccd34aa92f917c2cdd2f9",
    "https://deno.land/x/lume@v3.0.4/core/scripts.ts": "286969b120d2290ba57a7fdd9b37e587aacf4e4162d92f51f1f1e9e18c864f30",
    "https://deno.land/x/lume@v3.0.4/core/searcher.ts": "19530e0149ca925334f98052863a52cdfbbeea9977342b209829999a34e816a6",
    "https://deno.land/x/lume@v3.0.4/core/server.ts": "19cdd234f18c601d8386c7aa6d589616ce367fc571a96d4715f220a522e17ae8",
    "https://deno.land/x/lume@v3.0.4/core/site.ts": "201f6745c2ed3bd0c26548c51768f8c676bd46774c1170aa4badcd7369fecbcf",
    "https://deno.land/x/lume@v3.0.4/core/source.ts": "d4dbe91058369ffaf23778da7e8d8287234f3901eed378accb7933e76529a216",
    "https://deno.land/x/lume@v3.0.4/core/utils/cli_options.ts": "ce8731a5e9c23b95217b6967dc4e5c434637a33d16806189acc6a87728b2e649",
    "https://deno.land/x/lume@v3.0.4/core/utils/concurrent.ts": "cb0775b3d95f3faa356aa3a3e489dccef8807ed93cc4f84fcf5bc81e87c29504",
    "https://deno.land/x/lume@v3.0.4/core/utils/date.ts": "3eb0b0e2ea15a95cdfe737be70cd4f48cbe49401928cb04c25a230f411ab2478",
    "https://deno.land/x/lume@v3.0.4/core/utils/digest.ts": "445b387983391af73269686292a65bb677119a25a327776885ff1242a9397ad8",
    "https://deno.land/x/lume@v3.0.4/core/utils/dom.ts": "fffb0c0c3ae613282e0447c3e4c122a62f44c776771d525a0ca09759883b4b9e",
    "https://deno.land/x/lume@v3.0.4/core/utils/env.ts": "d2440f14ad27e65b0a42b35a52f59ccce0430dd52950bd5df103bb1c9ba1a4a7",
    "https://deno.land/x/lume@v3.0.4/core/utils/format.ts": "bad71315eefd5ad0413841bbe5e8406d636d58d3ed3ef48674655b3a21a0aab0",
    "https://deno.land/x/lume@v3.0.4/core/utils/generator.ts": "1e664e9fd4c469e38a0acf5c94fd49dac4f38cb6334563ea4b7fc498b5958877",
    "https://deno.land/x/lume@v3.0.4/core/utils/log.ts": "9652d9b7a78fa61d667b6749a35ea02a00927b541d6d4d72e7f3de1881101bde",
    "https://deno.land/x/lume@v3.0.4/core/utils/lume_config.ts": "3715adca952a4c6054b0f4a25792859ae683a85b11c225b36d027ac26baabe95",
    "https://deno.land/x/lume@v3.0.4/core/utils/lume_version.ts": "c1c63818097e4a273183429ab5b2446a253307f7bc2d0d6361a17b4f230a617d",
    "https://deno.land/x/lume@v3.0.4/core/utils/merge_data.ts": "4ac5067e5b2ff3ba88ef2e009ee718e512aeb097a28f785b8bc733cb8805251c",
    "https://deno.land/x/lume@v3.0.4/core/utils/net.ts": "21698915e73bd493d66343e9c197200e08e7b0602b2e1fa4e5393c9cf9d6c6e2",
    "https://deno.land/x/lume@v3.0.4/core/utils/object.ts": "70f4d7b289478810499e5631cb9458e2961db12b5caa51ec34f87b6b5f6d4674",
    "https://deno.land/x/lume@v3.0.4/core/utils/page_content.ts": "bbadb588f9d9fcf1a2af156ce4b68974dfad39b65c3c8d42a6f1895b194c7eec",
    "https://deno.land/x/lume@v3.0.4/core/utils/page_date.ts": "2a3d9c203df298ca61f568fdf509945f127f990769623c3edfd753d39807b757",
    "https://deno.land/x/lume@v3.0.4/core/utils/page_url.ts": "fb2590298489a5afa3caa6f9c72a6b32b7287df10c0174c41ee2fb4a07a541ce",
    "https://deno.land/x/lume@v3.0.4/core/utils/path.ts": "7a1d199113928cc35782aa3262cbe6f7a4894bc262d7d300de9385b3da45602f",
    "https://deno.land/x/lume@v3.0.4/core/utils/read.ts": "f435e42e01ee022f50a5d1afc08b0a2a481cfa1e9c5844690939f1fdf6faf1bf",
    "https://deno.land/x/lume@v3.0.4/core/utils/tokens.ts": "201777343e716403bfb1dbbc1a988a85b8d3f12699daaacbe8bbdc3c352a57ff",
    "https://deno.land/x/lume@v3.0.4/core/watcher.ts": "1669b186143b275016d97baecd4f210207a67f54fc78a364da79a4d5022c1b59",
    "https://deno.land/x/lume@v3.0.4/core/writer.ts": "e8952538d57c0b587a3e9344b9b10d1b71274aca234b927b05a09c88ac3f4304",
    "https://deno.land/x/lume@v3.0.4/deps/base64.ts": "c7b786540e9f348726e6c6f3ba00866328463f7323ebd02d91c6bc7b125e19b0",
    "https://deno.land/x/lume@v3.0.4/deps/cli.ts": "68432a318c0d1131efafa0d042b82d5f01bab4df2038428eac950b1112b54d44",
    "https://deno.land/x/lume@v3.0.4/deps/cliffy.ts": "faff0c2ca187ec9fd1ad8660141f85b9d05b5c36bab25b40eb5038c02590a310",
    "https://deno.land/x/lume@v3.0.4/deps/colors.ts": "01c038ca4f8ad503ae0c81338223e3e9e1cbcaf0a14cc12bb6cd6c12f249df98",
    "https://deno.land/x/lume@v3.0.4/deps/crypto.ts": "0939b1e974472d1db1d611b4160a5a51d796da1368289277d2e26803243959d5",
    "https://deno.land/x/lume@v3.0.4/deps/debugbar.ts": "17e47ca0b2fbdcb57ec56d8abaa6adaa060e5aedb3eb7ac60e3cee5f5c76c611",
    "https://deno.land/x/lume@v3.0.4/deps/dom.ts": "82cd9bc09d35f39d73cb6d4e8ea79bdbc6e19f68021476161440a88959b3323c",
    "https://deno.land/x/lume@v3.0.4/deps/esbuild.ts": "38585349e52c2e2771e32d88717b062ab3f88df3d7d01be2c877fe34e4c176a4",
    "https://deno.land/x/lume@v3.0.4/deps/front_matter.ts": "f5e5780d4a0502d50cde1f42a4aa7830756dc9bd0251ba7448cecd1eaa60878f",
    "https://deno.land/x/lume@v3.0.4/deps/fs.ts": "f15b1974b741b7853cf6e1469ea1816f93fe5f2b9d19c2ef7674480435be3f70",
    "https://deno.land/x/lume@v3.0.4/deps/hex.ts": "828718f24a780ff3ade8d0a8a5b57497cb31c257560ef12af99b6eb1a31e3bbd",
    "https://deno.land/x/lume@v3.0.4/deps/highlight.ts": "e8f830a1137ff7e8246ce21518452b8cbf8089db409458c6d9c31040c11d8428",
    "https://deno.land/x/lume@v3.0.4/deps/http.ts": "53421dba4d4f03234ed801692ccc0b920146e7f9b12c1dcf9a21e5174f012db0",
    "https://deno.land/x/lume@v3.0.4/deps/init.ts": "05d45af66ebdfe63e43540618f51ece8f99d98dc49de890f10eeb43abe9ed0f3",
    "https://deno.land/x/lume@v3.0.4/deps/jsonc.ts": "79f0eddc3c9e593310eb8e5918eb1506b1c7d7816e4ecb96894f634ecbe626ff",
    "https://deno.land/x/lume@v3.0.4/deps/lightningcss.ts": "5f5167c6eb306ef759f0043f8f33f2eaf63c69210aa1aa837505e990ee619c46",
    "https://deno.land/x/lume@v3.0.4/deps/markdown_it.ts": "24c1c0fd18c99b9067d9ff5d051f934cb7c3446e6afbad934f6268af8d1ceb4d",
    "https://deno.land/x/lume@v3.0.4/deps/path.ts": "7b8bd4bac7b4e914138a5268fa364f171384501eb783ba02a4522d4d4564aef2",
    "https://deno.land/x/lume@v3.0.4/deps/toml.ts": "d3467ce8d50cf04744256929e9c5be23b9a7ec4112432de4a0ea90a2c93c0e1b",
    "https://deno.land/x/lume@v3.0.4/deps/vento.ts": "75b591df43212d319a5b4fc572330fd1ed54d1f4889090b1e94608ccca284bfc",
    "https://deno.land/x/lume@v3.0.4/deps/yaml.ts": "c39763fe8d32897c6429ea37de02809bced924e2588ba902c95c3b2c2fed1b5d",
    "https://deno.land/x/lume@v3.0.4/middlewares/logger.ts": "c96f1a9f9d5757555b6f141865ce8551ac176f90c8ee3e9ad797b2b400a9a567",
    "https://deno.land/x/lume@v3.0.4/middlewares/no_cache.ts": "0119e3ae3a596ab12c42df693b93e5b03dd9608e289d862242751a9739438f35",
    "https://deno.land/x/lume@v3.0.4/middlewares/no_cors.ts": "4d24619b5373c98bcc3baf404db47ba088c87ac8538ea1784e58d197b81d4d02",
    "https://deno.land/x/lume@v3.0.4/middlewares/not_found.ts": "0f92cd91239444247a1c3dce1bed4e978445687ca76f544a0ccd483a352f761a",
    "https://deno.land/x/lume@v3.0.4/middlewares/reload.ts": "4ebe51dea8fc471ab248b6b8a68ef2bef75baaa01a5577cb298413e414d86d18",
    "https://deno.land/x/lume@v3.0.4/middlewares/reload_client.js": "9026da20a25fe58ad36233539ada3f38d56d935c5b0c1c69b7fcd21511efadee",
    "https://deno.land/x/lume@v3.0.4/mod.ts": "4ed2edf622df6109304095952f8a02844f5abc2992b6c9886af632b058f1a8f4",
    "https://deno.land/x/lume@v3.0.4/plugins/code_highlight.ts": "065e0f48819cc74899b987069b16ac7d92ccd10195c5cda9463bd13d5dd7c5f0",
    "https://deno.land/x/lume@v3.0.4/plugins/json.ts": "5c49499e56b919ec848d4118ec97dd4fe0a323a6cc4c648dc45ab55297614c12",
    "https://deno.land/x/lume@v3.0.4/plugins/markdown.ts": "7e82d897c1e35bf119dcd18b6aec7a6ba5aa06848897b34ff9cd161ec7c8757e",
    "https://deno.land/x/lume@v3.0.4/plugins/modules.ts": "4e177c0ffe972b9deef10db2bf0ae52b405418af4dbac03db9e7ffbd6a3ec6ae",
    "https://deno.land/x/lume@v3.0.4/plugins/paginate.ts": "6a1a9a24d0fabed2f722a6a6f29d98559219c69475685034181816e82d367f2e",
    "https://deno.land/x/lume@v3.0.4/plugins/search.ts": "5acb5be828bbbd012fb9226cb97ec3e370d43d05aa44d16e7e7d50bab368b442",
    "https://deno.land/x/lume@v3.0.4/plugins/toml.ts": "e5bf35ed4915587acd453f002b00ae9b88c1782cadc25c703d7642a390af43ea",
    "https://deno.land/x/lume@v3.0.4/plugins/url.ts": "15f2e80b6fcbf86f8795a3676b8d533bab003ac016ff127e58165a6ac3bffc1a",
    "https://deno.land/x/lume@v3.0.4/plugins/vento.ts": "908ffbf31864507afa72c506584f2d28c2449b57a339ddfe8a7220eecf082766",
    "https://deno.land/x/lume@v3.0.4/plugins/yaml.ts": "d0ebf37c38648172c6b95c502753a3edf60278ab4f6a063f3ca00f31e0dd90cc",
    "https://deno.land/x/vento@v1.14.0/bare.ts": "b6cdcc245d4626832ab3a7fb4f2885541e997d2806334d8048d39401fa63d50e",
    "https://deno.land/x/vento@v1.14.0/deps.ts": "335313038bb45962d6b3ee54e2d2da217945a1f2f6ffc45b2fa9cdcf78f38f42",
    "https://deno.land/x/vento@v1.14.0/mod.ts": "53262793b5e0176acdec84aa9c34ed3ecb0c45cc9d396bf34a06ed4ad3d9930a",
    "https://deno.land/x/vento@v1.14.0/plugins/auto_trim.ts": "7deee73efbc25d6a75517074451287d9d9be97c01104d9b79eaac07b19e43c86",
    "https://deno.land/x/vento@v1.14.0/plugins/echo.ts": "59adb9137e736029cf18e3d95e010803c8728046d0d040702c16c4930c7b6160",
    "https://deno.land/x/vento@v1.14.0/plugins/escape.ts": "22754819f9a8437ecb4de0df1d3513c5b92fd6be74274d344d9750811030b181",
    "https://deno.land/x/vento@v1.14.0/plugins/export.ts": "4cda1bd2d7e28e6d23382a64a6d72e7340bef07fcbc32f604a4705c148b914f1",
    "https://deno.land/x/vento@v1.14.0/plugins/for.ts": "9863b425ed79b53119a868b044f1510a396a7d41a1e571679f06394d2a7fa9f6",
    "https://deno.land/x/vento@v1.14.0/plugins/function.ts": "622c0bb80399f80846e036e6e53fe731a6bc589a7dc208f2b48ea5fa339eae53",
    "https://deno.land/x/vento@v1.14.0/plugins/if.ts": "5b261b617c69a287a2dec26e2c0fb7b99c83a1923b13dfca94b54f3295ca7764",
    "https://deno.land/x/vento@v1.14.0/plugins/import.ts": "c36710067e1ea4074097b139c95d001fc1a2e759e05f1346da068405657924b4",
    "https://deno.land/x/vento@v1.14.0/plugins/include.ts": "d93d330d3df25a5cfcc34e85c3e6685214280792f3242064e50c94748acfb1f4",
    "https://deno.land/x/vento@v1.14.0/plugins/js.ts": "68d78ef2fc7a981d1f124f2f91830135ad46fcbd4dde7d5464cb5103c9293a5e",
    "https://deno.land/x/vento@v1.14.0/plugins/layout.ts": "da84978f0639e95e472edddc2f9837757c28113a04dbe67399087c3a4d14780e",
    "https://deno.land/x/vento@v1.14.0/plugins/set.ts": "4db19b26a841a8efd57305daf3a5d795c7eb9db1b922a4a5a2b5fb3dee70088b",
    "https://deno.land/x/vento@v1.14.0/plugins/trim.ts": "93bce5e32aac9fd1dc4e7acf0278438d710cd1f61f80ce3af719a06cca7f2e3d",
    "https://deno.land/x/vento@v1.14.0/plugins/unescape.ts": "dd2d9dbd116b68004f11ab17c9daaf9378ee14300c2d0ec8f422df09d41462ba",
    "https://deno.land/x/vento@v1.14.0/src/environment.ts": "92bb2a329f660ec749f53c94bf28a087411d6a4c94abfc9fdeb3e6076ddec97c",
    "https://deno.land/x/vento@v1.14.0/src/errors.ts": "18b9b674715c9c23ea5acd410381fe89df438e224c41a83d26484b1dd4520f40",
    "https://deno.land/x/vento@v1.14.0/src/js.ts": "071e188dbc4bf0ce0fe44132b7161c83345a353820ff000494920cce8e2fca72",
    "https://deno.land/x/vento@v1.14.0/src/loader.ts": "a7089dea54db2b4d437e74a2d0a45341bc21763ca13f6adb60a38b524cc86255",
    "https://deno.land/x/vento@v1.14.0/src/tokenizer.ts": "127ddad02054f63b8b646e4dfbf555e1e34e9b8dcbd58d86b3729a4de95abd27",
    "https://deno.land/x/vento@v1.14.0/src/transformer.ts": "9ff70c554b3889151745b5f7117bc5c02b889e6e16ca53e5b8c1fa6b767fb451"
  }
}
